
Microsoft Visual Studio Solution File, Format Version 12.00
# Visual Studio Version 16
VisualStudioVersion = 16.0.34031.81
MinimumVisualStudioVersion = 10.0.40219.1
Project("{FAE04EC0-301F-11D3-BF4B-00C04F79EFBC}") = "JWTDemo", "JWTDemo\JWTDemo.csproj", "{520FFB1D-5B77-4273-AE3D-3D54771A9736}"
EndProject
Project("{FAE04EC0-301F-11D3-BF4B-00C04F79EFBC}") = "JWTPractice", "JWTPractice\JWTPractice.csproj", "{949AD102-4CAC-4D6C-8E01-14592E475F99}"
EndProject
Global
	GlobalSection(SolutionConfigurationPlatforms) = preSolution
		Debug|Any CPU = Debug|Any CPU
		Release|Any CPU = Release|Any CPU
	EndGlobalSection
	GlobalSection(ProjectConfigurationPlatforms) = postSolution
		{520FFB1D-5B77-4273-AE3D-3D54771A9736}.Debug|Any CPU.ActiveCfg = Debug|Any CPU
		{520FFB1D-5B77-4273-AE3D-3D54771A9736}.Debug|Any CPU.Build.0 = Debug|Any CPU
		{520FFB1D-5B77-4273-AE3D-3D54771A9736}.Release|Any CPU.ActiveCfg = Release|Any CPU
		{520FFB1D-5B77-4273-AE3D-3D54771A9736}.Release|Any CPU.Build.0 = Release|Any CPU
		{949AD102-4CAC-4D6C-8E01-14592E475F99}.Debug|Any CPU.ActiveCfg = Debug|Any CPU
		{949AD102-4CAC-4D6C-8E01-14592E475F99}.Debug|Any CPU.Build.0 = Debug|Any CPU
		{949AD102-4CAC-4D6C-8E01-14592E475F99}.Release|Any CPU.ActiveCfg = Release|Any CPU
		{949AD102-4CAC-4D6C-8E01-14592E475F99}.Release|Any CPU.Build.0 = Release|Any CPU
	EndGlobalSection
	GlobalSection(SolutionProperties) = preSolution
		HideSolutionNode = FALSE
	EndGlobalSection
	GlobalSection(ExtensibilityGlobals) = postSolution
		SolutionGuid = {B7801CEE-3833-4AA3-8CD2-7D5682DC4A83}
	EndGlobalSection
EndGlobal
